{
  "name": "cakephp-user-activities-client",
  "version": "0.0.1",
  "lockfileVersion": 1,
  "requires": true,
  "dependencies": {
    "@infotechnohelp/js.helper": {
      "version": "1.3.0",
      "resolved": "https://registry.npmjs.org/@infotechnohelp/js.helper/-/js.helper-1.3.0.tgz",
      "integrity": "sha512-MGeafeBJOXkA+NAPLNezuuDsMilnvSYkByMEDVoDw12EOoc9CHk7cZ1R4l3cXgChbq8SNbbZD/SUnXYj7MdkEA=="
    },
    "jquery.fn.helper": {
      "version": "1.2.0",
      "resolved": "https://registry.npmjs.org/jquery.fn.helper/-/jquery.fn.helper-1.2.0.tgz",
      "integrity": "sha512-C2qLYG/m39/uNm4plPltESVvVyR+pZR7OkWQ7oMmgJa9Tqei5zZQP61jukwUIpqP5D8BLK3pARD4uKfkhuvt2g==",
      "requires": {
        "@infotechnohelp/js.helper": "1.3.0"
      }
    }
  }
}
