{
  "name": "cakephp-user-activities-client",
  "version": "1.1.0",
  "lockfileVersion": 1,
  "requires": true,
  "dependencies": {
    "@infotechnohelp/js.helper": {
      "version": "1.3.0",
      "resolved": "https://registry.npmjs.org/@infotechnohelp/js.helper/-/js.helper-1.3.0.tgz",
      "integrity": "sha512-MGeafeBJOXkA+NAPLNezuuDsMilnvSYkByMEDVoDw12EOoc9CHk7cZ1R4l3cXgChbq8SNbbZD/SUnXYj7MdkEA=="
    },
    "jquery.fn.helper": {
      "version": "1.2.1",
      "resolved": "https://registry.npmjs.org/jquery.fn.helper/-/jquery.fn.helper-1.2.1.tgz",
      "integrity": "sha512-MPpBPl0epaXLU8cvgMNRXtauqANnZCBB5An4wxrNp32Eg/RL7BNC89jbPztR6rAWNF1yM+0s2NrpKgzroVPDzg==",
      "requires": {
        "@infotechnohelp/js.helper": "1.3.0"
      }
    }
  }
}
